// !$*UTF8*$!
{
	archiveVersion = 1;
	classes = {
	};
	objectVersion = 48;
	objects = {

/* Begin PBXBuildFile section */
		1C60117521648D1B00FD9315 /* DetailViewController.swift in Sources */ = {isa = PBXBuildFile; fileRef = 1C60117421648D1B00FD9315 /* DetailViewController.swift */; };
		1C73D1A0215BDF57001B3DF0 /* AppDelegate.swift in Sources */ = {isa = PBXBuildFile; fileRef = 1C73D19F215BDF57001B3DF0 /* AppDelegate.swift */; };
		1C73D1A5215BDF57001B3DF0 /* Main.storyboard in Resources */ = {isa = PBXBuildFile; fileRef = 1C73D1A3215BDF57001B3DF0 /* Main.storyboard */; };
		1C73D1A7215BDF57001B3DF0 /* Assets.xcassets in Resources */ = {isa = PBXBuildFile; fileRef = 1C73D1A6215BDF57001B3DF0 /* Assets.xcassets */; };
		1C73D1AA215BDF57001B3DF0 /* LaunchScreen.storyboard in Resources */ = {isa = PBXBuildFile; fileRef = 1C73D1A8215BDF57001B3DF0 /* LaunchScreen.storyboard */; };
		1C73D1B5215BDF57001B3DF0 /* altInstagramTests.swift in Sources */ = {isa = PBXBuildFile; fileRef = 1C73D1B4215BDF57001B3DF0 /* altInstagramTests.swift */; };
		1C73D1C0215BDF57001B3DF0 /* altInstagramUITests.swift in Sources */ = {isa = PBXBuildFile; fileRef = 1C73D1BF215BDF57001B3DF0 /* altInstagramUITests.swift */; };
		1C73D1CE215BE718001B3DF0 /* LoginViewController.swift in Sources */ = {isa = PBXBuildFile; fileRef = 1C73D1CD215BE718001B3DF0 /* LoginViewController.swift */; };
		1CEE245B2161A34100DA1FE1 /* HomeViewController.swift in Sources */ = {isa = PBXBuildFile; fileRef = 1CEE245A2161A34000DA1FE1 /* HomeViewController.swift */; };
		1CEE245E2161A50F00DA1FE1 /* PostCell.swift in Sources */ = {isa = PBXBuildFile; fileRef = 1CEE245D2161A50F00DA1FE1 /* PostCell.swift */; };
		1CEE246221644CCA00DA1FE1 /* PhotoMapViewController.swift in Sources */ = {isa = PBXBuildFile; fileRef = 1CEE246121644CCA00DA1FE1 /* PhotoMapViewController.swift */; };
		1CEE2464216451C400DA1FE1 /* InstagramPosts.swift in Sources */ = {isa = PBXBuildFile; fileRef = 1CEE2463216451C400DA1FE1 /* InstagramPosts.swift */; };
		84D635D407C7ED446C67C413 /* Pods_altInstagramUITests.framework in Frameworks */ = {isa = PBXBuildFile; fileRef = 02C9AF1E47769BF575FDCDC9 /* Pods_altInstagramUITests.framework */; };
		B9105ED86351B817C168691F /* Pods_altInstagram.framework in Frameworks */ = {isa = PBXBuildFile; fileRef = 6F522A4BF818623E8BDEBDB9 /* Pods_altInstagram.framework */; };
		E3B67531B5E6FAED7E59A714 /* Pods_altInstagramTests.framework in Frameworks */ = {isa = PBXBuildFile; fileRef = 70E75838F217E5BE5EF676FE /* Pods_altInstagramTests.framework */; };
/* End PBXBuildFile section */

/* Begin PBXContainerItemProxy section */
		1C73D1B1215BDF57001B3DF0 /* PBXContainerItemProxy */ = {
			isa = PBXContainerItemProxy;
			containerPortal = 1C73D194215BDF57001B3DF0 /* Project object */;
			proxyType = 1;
			remoteGlobalIDString = 1C73D19B215BDF57001B3DF0;
			remoteInfo = altInstagram;
		};
		1C73D1BC215BDF57001B3DF0 /* PBXContainerItemProxy */ = {
			isa = PBXContainerItemProxy;
			containerPortal = 1C73D194215BDF57001B3DF0 /* Project object */;
			proxyType = 1;
			remoteGlobalIDString = 1C73D19B215BDF57001B3DF0;
			remoteInfo = altInstagram;
		};
/* End PBXContainerItemProxy section */

/* Begin PBXFileReference section */
		02C9AF1E47769BF575FDCDC9 /* Pods_altInstagramUITests.framework */ = {isa = PBXFileReference; explicitFileType = wrapper.framework; includeInIndex = 0; path = Pods_altInstagramUITests.framework; sourceTree = BUILT_PRODUCTS_DIR; };
		1C60117421648D1B00FD9315 /* DetailViewController.swift */ = {isa = PBXFileReference; lastKnownFileType = sourcecode.swift; path = DetailViewController.swift; sourceTree = "<group>"; };
		1C73D19C215BDF57001B3DF0 /* altInstagram.app */ = {isa = PBXFileReference; explicitFileType = wrapper.application; includeInIndex = 0; path = altInstagram.app; sourceTree = BUILT_PRODUCTS_DIR; };
		1C73D19F215BDF57001B3DF0 /* AppDelegate.swift */ = {isa = PBXFileReference; lastKnownFileType = sourcecode.swift; path = AppDelegate.swift; sourceTree = "<group>"; };
		1C73D1A4215BDF57001B3DF0 /* Base */ = {isa = PBXFileReference; lastKnownFileType = file.storyboard; name = Base; path = Base.lproj/Main.storyboard; sourceTree = "<group>"; };
		1C73D1A6215BDF57001B3DF0 /* Assets.xcassets */ = {isa = PBXFileReference; lastKnownFileType = folder.assetcatalog; path = Assets.xcassets; sourceTree = "<group>"; };
		1C73D1A9215BDF57001B3DF0 /* Base */ = {isa = PBXFileReference; lastKnownFileType = file.storyboard; name = Base; path = Base.lproj/LaunchScreen.storyboard; sourceTree = "<group>"; };
		1C73D1AB215BDF57001B3DF0 /* Info.plist */ = {isa = PBXFileReference; lastKnownFileType = text.plist.xml; path = Info.plist; sourceTree = "<group>"; };
		1C73D1B0215BDF57001B3DF0 /* altInstagramTests.xctest */ = {isa = PBXFileReference; explicitFileType = wrapper.cfbundle; includeInIndex = 0; path = altInstagramTests.xctest; sourceTree = BUILT_PRODUCTS_DIR; };
		1C73D1B4215BDF57001B3DF0 /* altInstagramTests.swift */ = {isa = PBXFileReference; lastKnownFileType = sourcecode.swift; path = altInstagramTests.swift; sourceTree = "<group>"; };
		1C73D1B6215BDF57001B3DF0 /* Info.plist */ = {isa = PBXFileReference; lastKnownFileType = text.plist.xml; path = Info.plist; sourceTree = "<group>"; };
		1C73D1BB215BDF57001B3DF0 /* altInstagramUITests.xctest */ = {isa = PBXFileReference; explicitFileType = wrapper.cfbundle; includeInIndex = 0; path = altInstagramUITests.xctest; sourceTree = BUILT_PRODUCTS_DIR; };
		1C73D1BF215BDF57001B3DF0 /* altInstagramUITests.swift */ = {isa = PBXFileReference; lastKnownFileType = sourcecode.swift; path = altInstagramUITests.swift; sourceTree = "<group>"; };
		1C73D1C1215BDF57001B3DF0 /* Info.plist */ = {isa = PBXFileReference; lastKnownFileType = text.plist.xml; path = Info.plist; sourceTree = "<group>"; };
		1C73D1CD215BE718001B3DF0 /* LoginViewController.swift */ = {isa = PBXFileReference; lastKnownFileType = sourcecode.swift; path = LoginViewController.swift; sourceTree = "<group>"; };
		1CEE245A2161A34000DA1FE1 /* HomeViewController.swift */ = {isa = PBXFileReference; lastKnownFileType = sourcecode.swift; path = HomeViewController.swift; sourceTree = "<group>"; };
		1CEE245D2161A50F00DA1FE1 /* PostCell.swift */ = {isa = PBXFileReference; lastKnownFileType = sourcecode.swift; path = PostCell.swift; sourceTree = "<group>"; };
		1CEE246121644CCA00DA1FE1 /* PhotoMapViewController.swift */ = {isa = PBXFileReference; lastKnownFileType = sourcecode.swift; path = PhotoMapViewController.swift; sourceTree = "<group>"; };
		1CEE2463216451C400DA1FE1 /* InstagramPosts.swift */ = {isa = PBXFileReference; lastKnownFileType = sourcecode.swift; path = InstagramPosts.swift; sourceTree = "<group>"; };
		33E5B769D5C212963A0C830F /* Pods-altInstagramUITests.debug.xcconfig */ = {isa = PBXFileReference; includeInIndex = 1; lastKnownFileType = text.xcconfig; name = "Pods-altInstagramUITests.debug.xcconfig"; path = "Pods/Target Support Files/Pods-altInstagramUITests/Pods-altInstagramUITests.debug.xcconfig"; sourceTree = "<group>"; };
		6F522A4BF818623E8BDEBDB9 /* Pods_altInstagram.framework */ = {isa = PBXFileReference; explicitFileType = wrapper.framework; includeInIndex = 0; path = Pods_altInstagram.framework; sourceTree = BUILT_PRODUCTS_DIR; };
		70E75838F217E5BE5EF676FE /* Pods_altInstagramTests.framework */ = {isa = PBXFileReference; explicitFileType = wrapper.framework; includeInIndex = 0; path = Pods_altInstagramTests.framework; sourceTree = BUILT_PRODUCTS_DIR; };
		8C42D5DEF3846A5FDD757A17 /* Pods-altInstagramUITests.release.xcconfig */ = {isa = PBXFileReference; includeInIndex = 1; lastKnownFileType = text.xcconfig; name = "Pods-altInstagramUITests.release.xcconfig"; path = "Pods/Target Support Files/Pods-altInstagramUITests/Pods-altInstagramUITests.release.xcconfig"; sourceTree = "<group>"; };
		8D8456F6472DA4CB6DF0E307 /* Pods-altInstagramTests.debug.xcconfig */ = {isa = PBXFileReference; includeInIndex = 1; lastKnownFileType = text.xcconfig; name = "Pods-altInstagramTests.debug.xcconfig"; path = "Pods/Target Support Files/Pods-altInstagramTests/Pods-altInstagramTests.debug.xcconfig"; sourceTree = "<group>"; };
		B5653DFA4D9701BA57170B35 /* Pods-altInstagram.debug.xcconfig */ = {isa = PBXFileReference; includeInIndex = 1; lastKnownFileType = text.xcconfig; name = "Pods-altInstagram.debug.xcconfig"; path = "Pods/Target Support Files/Pods-altInstagram/Pods-altInstagram.debug.xcconfig"; sourceTree = "<group>"; };
		B5D1A066BC4B0A616EEB0648 /* Pods-altInstagram.release.xcconfig */ = {isa = PBXFileReference; includeInIndex = 1; lastKnownFileType = text.xcconfig; name = "Pods-altInstagram.release.xcconfig"; path = "Pods/Target Support Files/Pods-altInstagram/Pods-altInstagram.release.xcconfig"; sourceTree = "<group>"; };
		B8BED005230112AF392665C2 /* Pods-altInstagramTests.release.xcconfig */ = {isa = PBXFileReference; includeInIndex = 1; lastKnownFileType = text.xcconfig; name = "Pods-altInstagramTests.release.xcconfig"; path = "Pods/Target Support Files/Pods-altInstagramTests/Pods-altInstagramTests.release.xcconfig"; sourceTree = "<group>"; };
/* End PBXFileReference section */

/* Begin PBXFrameworksBuildPhase section */
		1C73D199215BDF57001B3DF0 /* Frameworks */ = {
			isa = PBXFrameworksBuildPhase;
			buildActionMask = 2147483647;
			files = (
				B9105ED86351B817C168691F /* Pods_altInstagram.framework in Frameworks */,
			);
			runOnlyForDeploymentPostprocessing = 0;
		};
		1C73D1AD215BDF57001B3DF0 /* Frameworks */ = {
			isa = PBXFrameworksBuildPhase;
			buildActionMask = 2147483647;
			files = (
				E3B67531B5E6FAED7E59A714 /* Pods_altInstagramTests.framework in Frameworks */,
			);
			runOnlyForDeploymentPostprocessing = 0;
		};
		1C73D1B8215BDF57001B3DF0 /* Frameworks */ = {
			isa = PBXFrameworksBuildPhase;
			buildActionMask = 2147483647;
			files = (
				84D635D407C7ED446C67C413 /* Pods_altInstagramUITests.framework in Frameworks */,
			);
			runOnlyForDeploymentPostprocessing = 0;
		};
/* End PBXFrameworksBuildPhase section */

/* Begin PBXGroup section */
		16BE59057CF8D2182BA53333 /* Frameworks */ = {
			isa = PBXGroup;
			children = (
				6F522A4BF818623E8BDEBDB9 /* Pods_altInstagram.framework */,
				70E75838F217E5BE5EF676FE /* Pods_altInstagramTests.framework */,
				02C9AF1E47769BF575FDCDC9 /* Pods_altInstagramUITests.framework */,
			);
			name = Frameworks;
			sourceTree = "<group>";
		};
		1C73D193215BDF57001B3DF0 = {
			isa = PBXGroup;
			children = (
				1C73D19E215BDF57001B3DF0 /* altInstagram */,
				1C73D1B3215BDF57001B3DF0 /* altInstagramTests */,
				1C73D1BE215BDF57001B3DF0 /* altInstagramUITests */,
				1C73D19D215BDF57001B3DF0 /* Products */,
				A80219ADCDC5EDFA0D1DEA45 /* Pods */,
				16BE59057CF8D2182BA53333 /* Frameworks */,
			);
			sourceTree = "<group>";
		};
		1C73D19D215BDF57001B3DF0 /* Products */ = {
			isa = PBXGroup;
			children = (
				1C73D19C215BDF57001B3DF0 /* altInstagram.app */,
				1C73D1B0215BDF57001B3DF0 /* altInstagramTests.xctest */,
				1C73D1BB215BDF57001B3DF0 /* altInstagramUITests.xctest */,
			);
			name = Products;
			sourceTree = "<group>";
		};
		1C73D19E215BDF57001B3DF0 /* altInstagram */ = {
			isa = PBXGroup;
			children = (
				1CEE245C2161A39F00DA1FE1 /* ViewControllers */,
				1C73D19F215BDF57001B3DF0 /* AppDelegate.swift */,
				1C73D1A3215BDF57001B3DF0 /* Main.storyboard */,
				1C73D1A6215BDF57001B3DF0 /* Assets.xcassets */,
				1C73D1A8215BDF57001B3DF0 /* LaunchScreen.storyboard */,
				1C73D1AB215BDF57001B3DF0 /* Info.plist */,
			);
			path = altInstagram;
			sourceTree = "<group>";
		};
		1C73D1B3215BDF57001B3DF0 /* altInstagramTests */ = {
			isa = PBXGroup;
			children = (
				1C73D1B4215BDF57001B3DF0 /* altInstagramTests.swift */,
				1C73D1B6215BDF57001B3DF0 /* Info.plist */,
			);
			path = altInstagramTests;
			sourceTree = "<group>";
		};
		1C73D1BE215BDF57001B3DF0 /* altInstagramUITests */ = {
			isa = PBXGroup;
			children = (
				1C73D1BF215BDF57001B3DF0 /* altInstagramUITests.swift */,
				1C73D1C1215BDF57001B3DF0 /* Info.plist */,
			);
			path = altInstagramUITests;
			sourceTree = "<group>";
		};
		1CEE245C2161A39F00DA1FE1 /* ViewControllers */ = {
			isa = PBXGroup;
			children = (
				1CEE245D2161A50F00DA1FE1 /* PostCell.swift */,
				1C73D1CD215BE718001B3DF0 /* LoginViewController.swift */,
				1CEE245A2161A34000DA1FE1 /* HomeViewController.swift */,
				1CEE246121644CCA00DA1FE1 /* PhotoMapViewController.swift */,
				1CEE2463216451C400DA1FE1 /* InstagramPosts.swift */,
				1C60117421648D1B00FD9315 /* DetailViewController.swift */,
			);
			path = ViewControllers;
			sourceTree = "<group>";
		};
		A80219ADCDC5EDFA0D1DEA45 /* Pods */ = {
			isa = PBXGroup;
			children = (
				B5653DFA4D9701BA57170B35 /* Pods-altInstagram.debug.xcconfig */,
				B5D1A066BC4B0A616EEB0648 /* Pods-altInstagram.release.xcconfig */,
				8D8456F6472DA4CB6DF0E307 /* Pods-altInstagramTests.debug.xcconfig */,
				B8BED005230112AF392665C2 /* Pods-altInstagramTests.release.xcconfig */,
				33E5B769D5C212963A0C830F /* Pods-altInstagramUITests.debug.xcconfig */,
				8C42D5DEF3846A5FDD757A17 /* Pods-altInstagramUITests.release.xcconfig */,
			);
			name = Pods;
			sourceTree = "<group>";
		};
/* End PBXGroup section */

/* Begin PBXNativeTarget section */
		1C73D19B215BDF57001B3DF0 /* altInstagram */ = {
			isa = PBXNativeTarget;
			buildConfigurationList = 1C73D1C4215BDF57001B3DF0 /* Build configuration list for PBXNativeTarget "altInstagram" */;
			buildPhases = (
				2AC2844A5A3CFE41E959E79E /* [CP] Check Pods Manifest.lock */,
				1C73D198215BDF57001B3DF0 /* Sources */,
				1C73D199215BDF57001B3DF0 /* Frameworks */,
				1C73D19A215BDF57001B3DF0 /* Resources */,
				432F6361F7E864C7E4C2308D /* [CP] Embed Pods Frameworks */,
			);
			buildRules = (
			);
			dependencies = (
			);
			name = altInstagram;
			productName = altInstagram;
			productReference = 1C73D19C215BDF57001B3DF0 /* altInstagram.app */;
			productType = "com.apple.product-type.application";
		};
		1C73D1AF215BDF57001B3DF0 /* altInstagramTests */ = {
			isa = PBXNativeTarget;
			buildConfigurationList = 1C73D1C7215BDF57001B3DF0 /* Build configuration list for PBXNativeTarget "altInstagramTests" */;
			buildPhases = (
				575C066A1D8AC887A3DAD314 /* [CP] Check Pods Manifest.lock */,
				1C73D1AC215BDF57001B3DF0 /* Sources */,
				1C73D1AD215BDF57001B3DF0 /* Frameworks */,
				1C73D1AE215BDF57001B3DF0 /* Resources */,
			);
			buildRules = (
			);
			dependencies = (
				1C73D1B2215BDF57001B3DF0 /* PBXTargetDependency */,
			);
			name = altInstagramTests;
			productName = altInstagramTests;
			productReference = 1C73D1B0215BDF57001B3DF0 /* altInstagramTests.xctest */;
			productType = "com.apple.product-type.bundle.unit-test";
		};
		1C73D1BA215BDF57001B3DF0 /* altInstagramUITests */ = {
			isa = PBXNativeTarget;
			buildConfigurationList = 1C73D1CA215BDF57001B3DF0 /* Build configuration list for PBXNativeTarget "altInstagramUITests" */;
			buildPhases = (
				3FAA83CDDF22F657D1917418 /* [CP] Check Pods Manifest.lock */,
				1C73D1B7215BDF57001B3DF0 /* Sources */,
				1C73D1B8215BDF57001B3DF0 /* Frameworks */,
				1C73D1B9215BDF57001B3DF0 /* Resources */,
			);
			buildRules = (
			);
			dependencies = (
				1C73D1BD215BDF57001B3DF0 /* PBXTargetDependency */,
			);
			name = altInstagramUITests;
			productName = altInstagramUITests;
			productReference = 1C73D1BB215BDF57001B3DF0 /* altInstagramUITests.xctest */;
			productType = "com.apple.product-type.bundle.ui-testing";
		};
/* End PBXNativeTarget section */

/* Begin PBXProject section */
		1C73D194215BDF57001B3DF0 /* Project object */ = {
			isa = PBXProject;
			attributes = {
				LastSwiftUpdateCheck = 0920;
				LastUpgradeCheck = 0920;
				ORGANIZATIONNAME = "Marilyn Florek";
				TargetAttributes = {
					1C73D19B215BDF57001B3DF0 = {
						CreatedOnToolsVersion = 9.2;
						ProvisioningStyle = Automatic;
					};
					1C73D1AF215BDF57001B3DF0 = {
						CreatedOnToolsVersion = 9.2;
						ProvisioningStyle = Automatic;
						TestTargetID = 1C73D19B215BDF57001B3DF0;
					};
					1C73D1BA215BDF57001B3DF0 = {
						CreatedOnToolsVersion = 9.2;
						ProvisioningStyle = Automatic;
						TestTargetID = 1C73D19B215BDF57001B3DF0;
					};
				};
			};
			buildConfigurationList = 1C73D197215BDF57001B3DF0 /* Build configuration list for PBXProject "altInstagram" */;
			compatibilityVersion = "Xcode 8.0";
			developmentRegion = en;
			hasScannedForEncodings = 0;
			knownRegions = (
				en,
				Base,
			);
			mainGroup = 1C73D193215BDF57001B3DF0;
			productRefGroup = 1C73D19D215BDF57001B3DF0 /* Products */;
			projectDirPath = "";
			projectRoot = "";
			targets = (
				1C73D19B215BDF57001B3DF0 /* altInstagram */,
				1C73D1AF215BDF57001B3DF0 /* altInstagramTests */,
				1C73D1BA215BDF57001B3DF0 /* altInstagramUITests */,
			);
		};
/* End PBXProject section */

/* Begin PBXResourcesBuildPhase section */
		1C73D19A215BDF57001B3DF0 /* Resources */ = {
			isa = PBXResourcesBuildPhase;
			buildActionMask = 2147483647;
			files = (
				1C73D1AA215BDF57001B3DF0 /* LaunchScreen.storyboard in Resources */,
				1C73D1A7215BDF57001B3DF0 /* Assets.xcassets in Resources */,
				1C73D1A5215BDF57001B3DF0 /* Main.storyboard in Resources */,
			);
			runOnlyForDeploymentPostprocessing = 0;
		};
		1C73D1AE215BDF57001B3DF0 /* Resources */ = {
			isa = PBXResourcesBuildPhase;
			buildActionMask = 2147483647;
			files = (
			);
			runOnlyForDeploymentPostprocessing = 0;
		};
		1C73D1B9215BDF57001B3DF0 /* Resources */ = {
			isa = PBXResourcesBuildPhase;
			buildActionMask = 2147483647;
			files = (
			);
			runOnlyForDeploymentPostprocessing = 0;
		};
/* End PBXResourcesBuildPhase section */

/* Begin PBXShellScriptBuildPhase section */
		2AC2844A5A3CFE41E959E79E /* [CP] Check Pods Manifest.lock */ = {
			isa = PBXShellScriptBuildPhase;
			buildActionMask = 2147483647;
			files = (
			);
			inputPaths = (
				"${PODS_PODFILE_DIR_PATH}/Podfile.lock",
				"${PODS_ROOT}/Manifest.lock",
			);
			name = "[CP] Check Pods Manifest.lock";
			outputPaths = (
				"$(DERIVED_FILE_DIR)/Pods-altInstagram-checkManifestLockResult.txt",
			);
			runOnlyForDeploymentPostprocessing = 0;
			shellPath = /bin/sh;
			shellScript = "diff \"${PODS_PODFILE_DIR_PATH}/Podfile.lock\" \"${PODS_ROOT}/Manifest.lock\" > /dev/null\nif [ $? != 0 ] ; then\n    # print error to STDERR\n    echo \"error: The sandbox is not in sync with the Podfile.lock. Run 'pod install' or update your CocoaPods installation.\" >&2\n    exit 1\nfi\n# This output is used by Xcode 'outputs' to avoid re-running this script phase.\necho \"SUCCESS\" > \"${SCRIPT_OUTPUT_FILE_0}\"\n";
			showEnvVarsInLog = 0;
		};
		3FAA83CDDF22F657D1917418 /* [CP] Check Pods Manifest.lock */ = {
			isa = PBXShellScriptBuildPhase;
			buildActionMask = 2147483647;
			files = (
			);
			inputPaths = (
				"${PODS_PODFILE_DIR_PATH}/Podfile.lock",
				"${PODS_ROOT}/Manifest.lock",
			);
			name = "[CP] Check Pods Manifest.lock";
			outputPaths = (
				"$(DERIVED_FILE_DIR)/Pods-altInstagramUITests-checkManifestLockResult.txt",
			);
			runOnlyForDeploymentPostprocessing = 0;
			shellPath = /bin/sh;
			shellScript = "diff \"${PODS_PODFILE_DIR_PATH}/Podfile.lock\" \"${PODS_ROOT}/Manifest.lock\" > /dev/null\nif [ $? != 0 ] ; then\n    # print error to STDERR\n    echo \"error: The sandbox is not in sync with the Podfile.lock. Run 'pod install' or update your CocoaPods installation.\" >&2\n    exit 1\nfi\n# This output is used by Xcode 'outputs' to avoid re-running this script phase.\necho \"SUCCESS\" > \"${SCRIPT_OUTPUT_FILE_0}\"\n";
			showEnvVarsInLog = 0;
		};
		432F6361F7E864C7E4C2308D /* [CP] Embed Pods Frameworks */ = {
			isa = PBXShellScriptBuildPhase;
			buildActionMask = 2147483647;
			files = (
			);
			inputPaths = (
				"${SRCROOT}/Pods/Target Support Files/Pods-altInstagram/Pods-altInstagram-frameworks.sh",
				"${BUILT_PRODUCTS_DIR}/Bolts/Bolts.framework",
				"${BUILT_PRODUCTS_DIR}/Parse/Parse.framework",
			);
			name = "[CP] Embed Pods Frameworks";
			outputPaths = (
				"${TARGET_BUILD_DIR}/${FRAMEWORKS_FOLDER_PATH}/Bolts.framework",
				"${TARGET_BUILD_DIR}/${FRAMEWORKS_FOLDER_PATH}/Parse.framework",
			);
			runOnlyForDeploymentPostprocessing = 0;
			shellPath = /bin/sh;
			shellScript = "\"${SRCROOT}/Pods/Target Support Files/Pods-altInstagram/Pods-altInstagram-frameworks.sh\"\n";
			showEnvVarsInLog = 0;
		};
		575C066A1D8AC887A3DAD314 /* [CP] Check Pods Manifest.lock */ = {
			isa = PBXShellScriptBuildPhase;
			buildActionMask = 2147483647;
			files = (
			);
			inputPaths = (
				"${PODS_PODFILE_DIR_PATH}/Podfile.lock",
				"${PODS_ROOT}/Manifest.lock",
			);
			name = "[CP] Check Pods Manifest.lock";
			outputPaths = (
				"$(DERIVED_FILE_DIR)/Pods-altInstagramTests-checkManifestLockResult.txt",
			);
			runOnlyForDeploymentPostprocessing = 0;
			shellPath = /bin/sh;
			shellScript = "diff \"${PODS_PODFILE_DIR_PATH}/Podfile.lock\" \"${PODS_ROOT}/Manifest.lock\" > /dev/null\nif [ $? != 0 ] ; then\n    # print error to STDERR\n    echo \"error: The sandbox is not in sync with the Podfile.lock. Run 'pod install' or update your CocoaPods installation.\" >&2\n    exit 1\nfi\n# This output is used by Xcode 'outputs' to avoid re-running this script phase.\necho \"SUCCESS\" > \"${SCRIPT_OUTPUT_FILE_0}\"\n";
			showEnvVarsInLog = 0;
		};
/* End PBXShellScriptBuildPhase section */

/* Begin PBXSourcesBuildPhase section */
		1C73D198215BDF57001B3DF0 /* Sources */ = {
			isa = PBXSourcesBuildPhase;
			buildActionMask = 2147483647;
			files = (
				1CEE246221644CCA00DA1FE1 /* PhotoMapViewController.swift in Sources */,
				1C73D1CE215BE718001B3DF0 /* LoginViewController.swift in Sources */,
				1CEE2464216451C400DA1FE1 /* InstagramPosts.swift in Sources */,
				1C73D1A0215BDF57001B3DF0 /* AppDelegate.swift in Sources */,
				1CEE245B2161A34100DA1FE1 /* HomeViewController.swift in Sources */,
				1CEE245E2161A50F00DA1FE1 /* PostCell.swift in Sources */,
				1C60117521648D1B00FD9315 /* DetailViewController.swift in Sources */,
			);
			runOnlyForDeploymentPostprocessing = 0;
		};
		1C73D1AC215BDF57001B3DF0 /* Sources */ = {
			isa = PBXSourcesBuildPhase;
			buildActionMask = 2147483647;
			files = (
				1C73D1B5215BDF57001B3DF0 /* altInstagramTests.swift in Sources */,
			);
			runOnlyForDeploymentPostprocessing = 0;
		};
		1C73D1B7215BDF57001B3DF0 /* Sources */ = {
			isa = PBXSourcesBuildPhase;
			buildActionMask = 2147483647;
			files = (
				1C73D1C0215BDF57001B3DF0 /* altInstagramUITests.swift in Sources */,
			);
			runOnlyForDeploymentPostprocessing = 0;
		};
/* End PBXSourcesBuildPhase section */

/* Begin PBXTargetDependency section */
		1C73D1B2215BDF57001B3DF0 /* PBXTargetDependency */ = {
			isa = PBXTargetDependency;
			target = 1C73D19B215BDF57001B3DF0 /* altInstagram */;
			targetProxy = 1C73D1B1215BDF57001B3DF0 /* PBXContainerItemProxy */;
		};
		1C73D1BD215BDF57001B3DF0 /* PBXTargetDependency */ = {
			isa = PBXTargetDependency;
			target = 1C73D19B215BDF57001B3DF0 /* altInstagram */;
			targetProxy = 1C73D1BC215BDF57001B3DF0 /* PBXContainerItemProxy */;
		};
/* End PBXTargetDependency section */

/* Begin PBXVariantGroup section */
		1C73D1A3215BDF57001B3DF0 /* Main.storyboard */ = {
			isa = PBXVariantGroup;
			children = (
				1C73D1A4215BDF57001B3DF0 /* Base */,
			);
			name = Main.storyboard;
			sourceTree = "<group>";
		};
		1C73D1A8215BDF57001B3DF0 /* LaunchScreen.storyboard */ = {
			isa = PBXVariantGroup;
			children = (
				1C73D1A9215BDF57001B3DF0 /* Base */,
			);
			name = LaunchScreen.storyboard;
			sourceTree = "<group>";
		};
/* End PBXVariantGroup section */

/* Begin XCBuildConfiguration section */
		1C73D1C2215BDF57001B3DF0 /* Debug */ = {
			isa = XCBuildConfiguration;
			buildSettings = {
				ALWAYS_SEARCH_USER_PATHS = NO;
				CLANG_ANALYZER_NONNULL = YES;
				CLANG_ANALYZER_NUMBER_OBJECT_CONVERSION = YES_AGGRESSIVE;
				CLANG_CXX_LANGUAGE_STANDARD = "gnu++14";
				CLANG_CXX_LIBRARY = "libc++";
				CLANG_ENABLE_MODULES = YES;
				CLANG_ENABLE_OBJC_ARC = YES;
				CLANG_WARN_BLOCK_CAPTURE_AUTORELEASING = YES;
				CLANG_WARN_BOOL_CONVERSION = YES;
				CLANG_WARN_COMMA = YES;
				CLANG_WARN_CONSTANT_CONVERSION = YES;
				CLANG_WARN_DIRECT_OBJC_ISA_USAGE = YES_ERROR;
				CLANG_WARN_DOCUMENTATION_COMMENTS = YES;
				CLANG_WARN_EMPTY_BODY = YES;
				CLANG_WARN_ENUM_CONVERSION = YES;
				CLANG_WARN_INFINITE_RECURSION = YES;
				CLANG_WARN_INT_CONVERSION = YES;
				CLANG_WARN_NON_LITERAL_NULL_CONVERSION = YES;
				CLANG_WARN_OBJC_LITERAL_CONVERSION = YES;
				CLANG_WARN_OBJC_ROOT_CLASS = YES_ERROR;
				CLANG_WARN_RANGE_LOOP_ANALYSIS = YES;
				CLANG_WARN_STRICT_PROTOTYPES = YES;
				CLANG_WARN_SUSPICIOUS_MOVE = YES;
				CLANG_WARN_UNGUARDED_AVAILABILITY = YES_AGGRESSIVE;
				CLANG_WARN_UNREACHABLE_CODE = YES;
				CLANG_WARN__DUPLICATE_METHOD_MATCH = YES;
				CODE_SIGN_IDENTITY = "iPhone Developer";
				COPY_PHASE_STRIP = NO;
				DEBUG_INFORMATION_FORMAT = dwarf;
				ENABLE_STRICT_OBJC_MSGSEND = YES;
				ENABLE_TESTABILITY = YES;
				GCC_C_LANGUAGE_STANDARD = gnu11;
				GCC_DYNAMIC_NO_PIC = NO;
				GCC_NO_COMMON_BLOCKS = YES;
				GCC_OPTIMIZATION_LEVEL = 0;
				GCC_PREPROCESSOR_DEFINITIONS = (
					"DEBUG=1",
					"$(inherited)",
				);
				GCC_WARN_64_TO_32_BIT_CONVERSION = YES;
				GCC_WARN_ABOUT_RETURN_TYPE = YES_ERROR;
				GCC_WARN_UNDECLARED_SELECTOR = YES;
				GCC_WARN_UNINITIALIZED_AUTOS = YES_AGGRESSIVE;
				GCC_WARN_UNUSED_FUNCTION = YES;
				GCC_WARN_UNUSED_VARIABLE = YES;
				IPHONEOS_DEPLOYMENT_TARGET = 11.2;
				MTL_ENABLE_DEBUG_INFO = YES;
				ONLY_ACTIVE_ARCH = YES;
				SDKROOT = iphoneos;
				SWIFT_ACTIVE_COMPILATION_CONDITIONS = DEBUG;
				SWIFT_OPTIMIZATION_LEVEL = "-Onone";
			};
			name = Debug;
		};
		1C73D1C3215BDF57001B3DF0 /* Release */ = {
			isa = XCBuildConfiguration;
			buildSettings = {
				ALWAYS_SEARCH_USER_PATHS = NO;
				CLANG_ANALYZER_NONNULL = YES;
				CLANG_ANALYZER_NUMBER_OBJECT_CONVERSION = YES_AGGRESSIVE;
				CLANG_CXX_LANGUAGE_STANDARD = "gnu++14";
				CLANG_CXX_LIBRARY = "libc++";
				CLANG_ENABLE_MODULES = YES;
				CLANG_ENABLE_OBJC_ARC = YES;
				CLANG_WARN_BLOCK_CAPTURE_AUTORELEASING = YES;
				CLANG_WARN_BOOL_CONVERSION = YES;
				CLANG_WARN_COMMA = YES;
				CLANG_WARN_CONSTANT_CONVERSION = YES;
				CLANG_WARN_DIRECT_OBJC_ISA_USAGE = YES_ERROR;
				CLANG_WARN_DOCUMENTATION_COMMENTS = YES;
				CLANG_WARN_EMPTY_BODY = YES;
				CLANG_WARN_ENUM_CONVERSION = YES;
				CLANG_WARN_INFINITE_RECURSION = YES;
				CLANG_WARN_INT_CONVERSION = YES;
				CLANG_WARN_NON_LITERAL_NULL_CONVERSION = YES;
				CLANG_WARN_OBJC_LITERAL_CONVERSION = YES;
				CLANG_WARN_OBJC_ROOT_CLASS = YES_ERROR;
				CLANG_WARN_RANGE_LOOP_ANALYSIS = YES;
				CLANG_WARN_STRICT_PROTOTYPES = YES;
				CLANG_WARN_SUSPICIOUS_MOVE = YES;
				CLANG_WARN_UNGUARDED_AVAILABILITY = YES_AGGRESSIVE;
				CLANG_WARN_UNREACHABLE_CODE = YES;
				CLANG_WARN__DUPLICATE_METHOD_MATCH = YES;
				CODE_SIGN_IDENTITY = "iPhone Developer";
				COPY_PHASE_STRIP = NO;
				DEBUG_INFORMATION_FORMAT = "dwarf-with-dsym";
				ENABLE_NS_ASSERTIONS = NO;
				ENABLE_STRICT_OBJC_MSGSEND = YES;
				GCC_C_LANGUAGE_STANDARD = gnu11;
				GCC_NO_COMMON_BLOCKS = YES;
				GCC_WARN_64_TO_32_BIT_CONVERSION = YES;
				GCC_WARN_ABOUT_RETURN_TYPE = YES_ERROR;
				GCC_WARN_UNDECLARED_SELECTOR = YES;
				GCC_WARN_UNINITIALIZED_AUTOS = YES_AGGRESSIVE;
				GCC_WARN_UNUSED_FUNCTION = YES;
				GCC_WARN_UNUSED_VARIABLE = YES;
				IPHONEOS_DEPLOYMENT_TARGET = 11.2;
				MTL_ENABLE_DEBUG_INFO = NO;
				SDKROOT = iphoneos;
				SWIFT_OPTIMIZATION_LEVEL = "-Owholemodule";
				VALIDATE_PRODUCT = YES;
			};
			name = Release;
		};
		1C73D1C5215BDF57001B3DF0 /* Debug */ = {
			isa = XCBuildConfiguration;
			baseConfigurationReference = B5653DFA4D9701BA57170B35 /* Pods-altInstagram.debug.xcconfig */;
			buildSettings = {
				ASSETCATALOG_COMPILER_APPICON_NAME = AppIcon;
				CODE_SIGN_STYLE = Automatic;
				INFOPLIST_FILE = altInstagram/Info.plist;
				LD_RUNPATH_SEARCH_PATHS = "$(inherited) @executable_path/Frameworks";
				PRODUCT_BUNDLE_IDENTIFIER = com.codepath.altInstagram;
				PRODUCT_NAME = "$(TARGET_NAME)";
				SWIFT_VERSION = 4.0;
				TARGETED_DEVICE_FAMILY = "1,2";
			};
			name = Debug;
		};
		1C73D1C6215BDF57001B3DF0 /* Release */ = {
			isa = XCBuildConfiguration;
			baseConfigurationReference = B5D1A066BC4B0A616EEB0648 /* Pods-altInstagram.release.xcconfig */;
			buildSettings = {
				ASSETCATALOG_COMPILER_APPICON_NAME = AppIcon;
				CODE_SIGN_STYLE = Automatic;
				INFOPLIST_FILE = altInstagram/Info.plist;
				LD_RUNPATH_SEARCH_PATHS = "$(inherited) @executable_path/Frameworks";
				PRODUCT_BUNDLE_IDENTIFIER = com.codepath.altInstagram;
				PRODUCT_NAME = "$(TARGET_NAME)";
				SWIFT_VERSION = 4.0;
				TARGETED_DEVICE_FAMILY = "1,2";
			};
			name = Release;
		};
		1C73D1C8215BDF57001B3DF0 /* Debug */ = {
			isa = XCBuildConfiguration;
			baseConfigurationReference = 8D8456F6472DA4CB6DF0E307 /* Pods-altInstagramTests.debug.xcconfig */;
			buildSettings = {
				ALWAYS_EMBED_SWIFT_STANDARD_LIBRARIES = YES;
				BUNDLE_LOADER = "$(TEST_HOST)";
				CODE_SIGN_STYLE = Automatic;
				INFOPLIST_FILE = altInstagramTests/Info.plist;
				LD_RUNPATH_SEARCH_PATHS = "$(inherited) @executable_path/Frameworks @loader_path/Frameworks";
				PRODUCT_BUNDLE_IDENTIFIER = com.codepath.altInstagramTests;
				PRODUCT_NAME = "$(TARGET_NAME)";
				SWIFT_VERSION = 4.0;
				TARGETED_DEVICE_FAMILY = "1,2";
				TEST_HOST = "$(BUILT_PRODUCTS_DIR)/altInstagram.app/altInstagram";
			};
			name = Debug;
		};
		1C73D1C9215BDF57001B3DF0 /* Release */ = {
			isa = XCBuildConfiguration;
			baseConfigurationReference = B8BED005230112AF392665C2 /* Pods-altInstagramTests.release.xcconfig */;
			buildSettings = {
				ALWAYS_EMBED_SWIFT_STANDARD_LIBRARIES = YES;
				BUNDLE_LOADER = "$(TEST_HOST)";
				CODE_SIGN_STYLE = Automatic;
				INFOPLIST_FILE = altInstagramTests/Info.plist;
				LD_RUNPATH_SEARCH_PATHS = "$(inherited) @executable_path/Frameworks @loader_path/Frameworks";
				PRODUCT_BUNDLE_IDENTIFIER = com.codepath.altInstagramTests;
				PRODUCT_NAME = "$(TARGET_NAME)";
				SWIFT_VERSION = 4.0;
				TARGETED_DEVICE_FAMILY = "1,2";
				TEST_HOST = "$(BUILT_PRODUCTS_DIR)/altInstagram.app/altInstagram";
			};
			name = Release;
		};
		1C73D1CB215BDF57001B3DF0 /* Debug */ = {
			isa = XCBuildConfiguration;
			baseConfigurationReference = 33E5B769D5C212963A0C830F /* Pods-altInstagramUITests.debug.xcconfig */;
			buildSettings = {
				ALWAYS_EMBED_SWIFT_STANDARD_LIBRARIES = YES;
				CODE_SIGN_STYLE = Automatic;
				INFOPLIST_FILE = altInstagramUITests/Info.plist;
				LD_RUNPATH_SEARCH_PATHS = "$(inherited) @executable_path/Frameworks @loader_path/Frameworks";
				PRODUCT_BUNDLE_IDENTIFIER = com.codepath.altInstagramUITests;
				PRODUCT_NAME = "$(TARGET_NAME)";
				SWIFT_VERSION = 4.0;
				TARGETED_DEVICE_FAMILY = "1,2";
				TEST_TARGET_NAME = altInstagram;
			};
			name = Debug;
		};
		1C73D1CC215BDF57001B3DF0 /* Release */ = {
			isa = XCBuildConfiguration;
			baseConfigurationReference = 8C42D5DEF3846A5FDD757A17 /* Pods-altInstagramUITests.release.xcconfig */;
			buildSettings = {
				ALWAYS_EMBED_SWIFT_STANDARD_LIBRARIES = YES;
				CODE_SIGN_STYLE = Automatic;
				INFOPLIST_FILE = altInstagramUITests/Info.plist;
				LD_RUNPATH_SEARCH_PATHS = "$(inherited) @executable_path/Frameworks @loader_path/Frameworks";
				PRODUCT_BUNDLE_IDENTIFIER = com.codepath.altInstagramUITests;
				PRODUCT_NAME = "$(TARGET_NAME)";
				SWIFT_VERSION = 4.0;
				TARGETED_DEVICE_FAMILY = "1,2";
				TEST_TARGET_NAME = altInstagram;
			};
			name = Release;
		};
/* End XCBuildConfiguration section */

/* Begin XCConfigurationList section */
		1C73D197215BDF57001B3DF0 /* Build configuration list for PBXProject "altInstagram" */ = {
			isa = XCConfigurationList;
			buildConfigurations = (
				1C73D1C2215BDF57001B3DF0 /* Debug */,
				1C73D1C3215BDF57001B3DF0 /* Release */,
			);
			defaultConfigurationIsVisible = 0;
			defaultConfigurationName = Release;
		};
		1C73D1C4215BDF57001B3DF0 /* Build configuration list for PBXNativeTarget "altInstagram" */ = {
			isa = XCConfigurationList;
			buildConfigurations = (
				1C73D1C5215BDF57001B3DF0 /* Debug */,
				1C73D1C6215BDF57001B3DF0 /* Release */,
			);
			defaultConfigurationIsVisible = 0;
			defaultConfigurationName = Release;
		};
		1C73D1C7215BDF57001B3DF0 /* Build configuration list for PBXNativeTarget "altInstagramTests" */ = {
			isa = XCConfigurationList;
			buildConfigurations = (
				1C73D1C8215BDF57001B3DF0 /* Debug */,
				1C73D1C9215BDF57001B3DF0 /* Release */,
			);
			defaultConfigurationIsVisible = 0;
			defaultConfigurationName = Release;
		};
		1C73D1CA215BDF57001B3DF0 /* Build configuration list for PBXNativeTarget "altInstagramUITests" */ = {
			isa = XCConfigurationList;
			buildConfigurations = (
				1C73D1CB215BDF57001B3DF0 /* Debug */,
				1C73D1CC215BDF57001B3DF0 /* Release */,
			);
			defaultConfigurationIsVisible = 0;
			defaultConfigurationName = Release;
		};
/* End XCConfigurationList section */
	};
	rootObject = 1C73D194215BDF57001B3DF0 /* Project object */;
}
